
Microsoft Visual Studio Solution File, Format Version 12.00
# Visual Studio Version 17
VisualStudioVersion = 17.14.36109.1 d17.14
MinimumVisualStudioVersion = 10.0.40219.1
Project("{FAE04EC0-301F-11D3-BF4B-00C04F79EFBC}") = "1er Parcial", "1er Parcial\1er Parcial.csproj", "{D2C30552-558B-4BF1-837B-609E0280A9A3}"
EndProject
Global
	GlobalSection(SolutionConfigurationPlatforms) = preSolution
		Debug|Any CPU = Debug|Any CPU
		Release|Any CPU = Release|Any CPU
	EndGlobalSection
	GlobalSection(ProjectConfigurationPlatforms) = postSolution
		{D2C30552-558B-4BF1-837B-609E0280A9A3}.Debug|Any CPU.ActiveCfg = Debug|Any CPU
		{D2C30552-558B-4BF1-837B-609E0280A9A3}.Debug|Any CPU.Build.0 = Debug|Any CPU
		{D2C30552-558B-4BF1-837B-609E0280A9A3}.Release|Any CPU.ActiveCfg = Release|Any CPU
		{D2C30552-558B-4BF1-837B-609E0280A9A3}.Release|Any CPU.Build.0 = Release|Any CPU
	EndGlobalSection
	GlobalSection(SolutionProperties) = preSolution
		HideSolutionNode = FALSE
	EndGlobalSection
	GlobalSection(ExtensibilityGlobals) = postSolution
		SolutionGuid = {05E8BFAA-BCF0-4B05-A54C-D09038064970}
	EndGlobalSection
EndGlobal
